// !$*UTF8*$!
{
	archiveVersion = 1;
	classes = {
	};
	objectVersion = 50;
	objects = {

/* Begin PBXBuildFile section */
		791995872095255700C127C1 /* AppDelegate.swift in Sources */ = {isa = PBXBuildFile; fileRef = 791995862095255700C127C1 /* AppDelegate.swift */; };
		7919958C2095255700C127C1 /* Main.storyboard in Resources */ = {isa = PBXBuildFile; fileRef = 7919958A2095255700C127C1 /* Main.storyboard */; };
		7919958E2095255800C127C1 /* Assets.xcassets in Resources */ = {isa = PBXBuildFile; fileRef = 7919958D2095255800C127C1 /* Assets.xcassets */; };
		791995912095255800C127C1 /* LaunchScreen.storyboard in Resources */ = {isa = PBXBuildFile; fileRef = 7919958F2095255800C127C1 /* LaunchScreen.storyboard */; };
		7919959B209525DD00C127C1 /* ListVC.swift in Sources */ = {isa = PBXBuildFile; fileRef = 7919959A209525DD00C127C1 /* ListVC.swift */; };
		7919D10C20952B280033A799 /* SummaryVC.swift in Sources */ = {isa = PBXBuildFile; fileRef = 7919D10B20952B280033A799 /* SummaryVC.swift */; };
		7919D10E20955F880033A799 /* DailyChartVC.swift in Sources */ = {isa = PBXBuildFile; fileRef = 7919D10D20955F880033A799 /* DailyChartVC.swift */; };
		796F334A20976B3F00829F24 /* Charts.framework in Frameworks */ = {isa = PBXBuildFile; fileRef = 796F334720976B0800829F24 /* Charts.framework */; };
		796F334B20976B3F00829F24 /* Charts.framework in Embed Frameworks */ = {isa = PBXBuildFile; fileRef = 796F334720976B0800829F24 /* Charts.framework */; settings = {ATTRIBUTES = (CodeSignOnCopy, RemoveHeadersOnCopy, ); }; };
		796F335820977DE500829F24 /* DayAxisValueFormatter.swift in Sources */ = {isa = PBXBuildFile; fileRef = 796F335720977DE500829F24 /* DayAxisValueFormatter.swift */; };
		79D5C29F2095BA0E007F83F4 /* MealInfo.swift in Sources */ = {isa = PBXBuildFile; fileRef = 79D5C29E2095BA0E007F83F4 /* MealInfo.swift */; };
		79D84E8C209526C9002591A1 /* DetailVC.swift in Sources */ = {isa = PBXBuildFile; fileRef = 79D84E8B209526C9002591A1 /* DetailVC.swift */; };
		79D84E8E209529DA002591A1 /* PageVC.swift in Sources */ = {isa = PBXBuildFile; fileRef = 79D84E8D209529DA002591A1 /* PageVC.swift */; };
/* End PBXBuildFile section */

/* Begin PBXContainerItemProxy section */
		796F334620976B0800829F24 /* PBXContainerItemProxy */ = {
			isa = PBXContainerItemProxy;
			containerPortal = 796F334120976B0800829F24 /* Charts.xcodeproj */;
			proxyType = 2;
			remoteGlobalIDString = 65AD9E95D9ED4DC0BD73A743;
			remoteInfo = Charts;
		};
		796F334820976B0800829F24 /* PBXContainerItemProxy */ = {
			isa = PBXContainerItemProxy;
			containerPortal = 796F334120976B0800829F24 /* Charts.xcodeproj */;
			proxyType = 2;
			remoteGlobalIDString = 1CBBC58C6CE1EBEE9852CE41;
			remoteInfo = ChartsTests;
		};
		796F334C20976B3F00829F24 /* PBXContainerItemProxy */ = {
			isa = PBXContainerItemProxy;
			containerPortal = 796F334120976B0800829F24 /* Charts.xcodeproj */;
			proxyType = 1;
			remoteGlobalIDString = A58A4ED274A941CA248EA921;
			remoteInfo = Charts;
		};
/* End PBXContainerItemProxy section */

/* Begin PBXCopyFilesBuildPhase section */
		796F334E20976B3F00829F24 /* Embed Frameworks */ = {
			isa = PBXCopyFilesBuildPhase;
			buildActionMask = 2147483647;
			dstPath = "";
			dstSubfolderSpec = 10;
			files = (
				796F334B20976B3F00829F24 /* Charts.framework in Embed Frameworks */,
			);
			name = "Embed Frameworks";
			runOnlyForDeploymentPostprocessing = 0;
		};
/* End PBXCopyFilesBuildPhase section */

/* Begin PBXFileReference section */
		791995832095255600C127C1 /* MealPlanTracker.app */ = {isa = PBXFileReference; explicitFileType = wrapper.application; includeInIndex = 0; path = MealPlanTracker.app; sourceTree = BUILT_PRODUCTS_DIR; };
		791995862095255700C127C1 /* AppDelegate.swift */ = {isa = PBXFileReference; lastKnownFileType = sourcecode.swift; path = AppDelegate.swift; sourceTree = "<group>"; };
		7919958B2095255700C127C1 /* Base */ = {isa = PBXFileReference; lastKnownFileType = file.storyboard; name = Base; path = Base.lproj/Main.storyboard; sourceTree = "<group>"; };
		7919958D2095255800C127C1 /* Assets.xcassets */ = {isa = PBXFileReference; lastKnownFileType = folder.assetcatalog; path = Assets.xcassets; sourceTree = "<group>"; };
		791995902095255800C127C1 /* Base */ = {isa = PBXFileReference; lastKnownFileType = file.storyboard; name = Base; path = Base.lproj/LaunchScreen.storyboard; sourceTree = "<group>"; };
		791995922095255800C127C1 /* Info.plist */ = {isa = PBXFileReference; lastKnownFileType = text.plist.xml; path = Info.plist; sourceTree = "<group>"; };
		7919959A209525DD00C127C1 /* ListVC.swift */ = {isa = PBXFileReference; lastKnownFileType = sourcecode.swift; path = ListVC.swift; sourceTree = "<group>"; };
		7919D10B20952B280033A799 /* SummaryVC.swift */ = {isa = PBXFileReference; lastKnownFileType = sourcecode.swift; path = SummaryVC.swift; sourceTree = "<group>"; };
		7919D10D20955F880033A799 /* DailyChartVC.swift */ = {isa = PBXFileReference; lastKnownFileType = sourcecode.swift; path = DailyChartVC.swift; sourceTree = "<group>"; };
		796F334120976B0800829F24 /* Charts.xcodeproj */ = {isa = PBXFileReference; lastKnownFileType = "wrapper.pb-project"; name = Charts.xcodeproj; path = Charts/Charts.xcodeproj; sourceTree = SOURCE_ROOT; };
		796F335720977DE500829F24 /* DayAxisValueFormatter.swift */ = {isa = PBXFileReference; lastKnownFileType = sourcecode.swift; path = DayAxisValueFormatter.swift; sourceTree = "<group>"; };
		79D5C29E2095BA0E007F83F4 /* MealInfo.swift */ = {isa = PBXFileReference; lastKnownFileType = sourcecode.swift; path = MealInfo.swift; sourceTree = "<group>"; };
		79D84E8B209526C9002591A1 /* DetailVC.swift */ = {isa = PBXFileReference; lastKnownFileType = sourcecode.swift; path = DetailVC.swift; sourceTree = "<group>"; };
		79D84E8D209529DA002591A1 /* PageVC.swift */ = {isa = PBXFileReference; lastKnownFileType = sourcecode.swift; path = PageVC.swift; sourceTree = "<group>"; };
/* End PBXFileReference section */

/* Begin PBXFrameworksBuildPhase section */
		791995802095255600C127C1 /* Frameworks */ = {
			isa = PBXFrameworksBuildPhase;
			buildActionMask = 2147483647;
			files = (
				796F334A20976B3F00829F24 /* Charts.framework in Frameworks */,
			);
			runOnlyForDeploymentPostprocessing = 0;
		};
/* End PBXFrameworksBuildPhase section */

/* Begin PBXGroup section */
		7919957A2095255600C127C1 = {
			isa = PBXGroup;
			children = (
				791995852095255600C127C1 /* MealPlanTracker */,
				791995842095255600C127C1 /* Products */,
				796F334120976B0800829F24 /* Charts.xcodeproj */,
			);
			sourceTree = "<group>";
		};
		791995842095255600C127C1 /* Products */ = {
			isa = PBXGroup;
			children = (
				791995832095255600C127C1 /* MealPlanTracker.app */,
			);
			name = Products;
			sourceTree = "<group>";
		};
		791995852095255600C127C1 /* MealPlanTracker */ = {
			isa = PBXGroup;
			children = (
				791995862095255700C127C1 /* AppDelegate.swift */,
				79D5C29E2095BA0E007F83F4 /* MealInfo.swift */,
				796F335720977DE500829F24 /* DayAxisValueFormatter.swift */,
				79D84E8D209529DA002591A1 /* PageVC.swift */,
				7919D10D20955F880033A799 /* DailyChartVC.swift */,
				7919D10B20952B280033A799 /* SummaryVC.swift */,
				7919959A209525DD00C127C1 /* ListVC.swift */,
				79D84E8B209526C9002591A1 /* DetailVC.swift */,
				7919958A2095255700C127C1 /* Main.storyboard */,
				7919958D2095255800C127C1 /* Assets.xcassets */,
				7919958F2095255800C127C1 /* LaunchScreen.storyboard */,
				791995922095255800C127C1 /* Info.plist */,
			);
			path = MealPlanTracker;
			sourceTree = "<group>";
		};
		796F334220976B0800829F24 /* Products */ = {
			isa = PBXGroup;
			children = (
				796F334720976B0800829F24 /* Charts.framework */,
				796F334920976B0800829F24 /* ChartsTests.xctest */,
			);
			name = Products;
			sourceTree = "<group>";
		};
/* End PBXGroup section */

/* Begin PBXNativeTarget section */
		791995822095255600C127C1 /* MealPlanTracker */ = {
			isa = PBXNativeTarget;
			buildConfigurationList = 791995952095255800C127C1 /* Build configuration list for PBXNativeTarget "MealPlanTracker" */;
			buildPhases = (
				7919957F2095255600C127C1 /* Sources */,
				791995802095255600C127C1 /* Frameworks */,
				791995812095255600C127C1 /* Resources */,
				796F334E20976B3F00829F24 /* Embed Frameworks */,
			);
			buildRules = (
			);
			dependencies = (
				796F334D20976B3F00829F24 /* PBXTargetDependency */,
			);
			name = MealPlanTracker;
			productName = MealPlanTracker;
			productReference = 791995832095255600C127C1 /* MealPlanTracker.app */;
			productType = "com.apple.product-type.application";
		};
/* End PBXNativeTarget section */

/* Begin PBXProject section */
		7919957B2095255600C127C1 /* Project object */ = {
			isa = PBXProject;
			attributes = {
				LastSwiftUpdateCheck = 0930;
				LastUpgradeCheck = 0930;
				ORGANIZATIONNAME = "Yehoon Joo";
				TargetAttributes = {
					791995822095255600C127C1 = {
						CreatedOnToolsVersion = 9.3;
					};
				};
			};
			buildConfigurationList = 7919957E2095255600C127C1 /* Build configuration list for PBXProject "MealPlanTracker" */;
			compatibilityVersion = "Xcode 9.3";
			developmentRegion = en;
			hasScannedForEncodings = 0;
			knownRegions = (
				en,
				Base,
			);
			mainGroup = 7919957A2095255600C127C1;
			productRefGroup = 791995842095255600C127C1 /* Products */;
			projectDirPath = "";
			projectReferences = (
				{
					ProductGroup = 796F334220976B0800829F24 /* Products */;
					ProjectRef = 796F334120976B0800829F24 /* Charts.xcodeproj */;
				},
			);
			projectRoot = "";
			targets = (
				791995822095255600C127C1 /* MealPlanTracker */,
			);
		};
/* End PBXProject section */

/* Begin PBXReferenceProxy section */
		796F334720976B0800829F24 /* Charts.framework */ = {
			isa = PBXReferenceProxy;
			fileType = wrapper.framework;
			path = Charts.framework;
			remoteRef = 796F334620976B0800829F24 /* PBXContainerItemProxy */;
			sourceTree = BUILT_PRODUCTS_DIR;
		};
		796F334920976B0800829F24 /* ChartsTests.xctest */ = {
			isa = PBXReferenceProxy;
			fileType = wrapper.cfbundle;
			path = ChartsTests.xctest;
			remoteRef = 796F334820976B0800829F24 /* PBXContainerItemProxy */;
			sourceTree = BUILT_PRODUCTS_DIR;
		};
/* End PBXReferenceProxy section */

/* Begin PBXResourcesBuildPhase section */
		791995812095255600C127C1 /* Resources */ = {
			isa = PBXResourcesBuildPhase;
			buildActionMask = 2147483647;
			files = (
				791995912095255800C127C1 /* LaunchScreen.storyboard in Resources */,
				7919958E2095255800C127C1 /* Assets.xcassets in Resources */,
				7919958C2095255700C127C1 /* Main.storyboard in Resources */,
			);
			runOnlyForDeploymentPostprocessing = 0;
		};
/* End PBXResourcesBuildPhase section */

/* Begin PBXSourcesBuildPhase section */
		7919957F2095255600C127C1 /* Sources */ = {
			isa = PBXSourcesBuildPhase;
			buildActionMask = 2147483647;
			files = (
				7919959B209525DD00C127C1 /* ListVC.swift in Sources */,
				7919D10E20955F880033A799 /* DailyChartVC.swift in Sources */,
				796F335820977DE500829F24 /* DayAxisValueFormatter.swift in Sources */,
				7919D10C20952B280033A799 /* SummaryVC.swift in Sources */,
				79D84E8E209529DA002591A1 /* PageVC.swift in Sources */,
				79D5C29F2095BA0E007F83F4 /* MealInfo.swift in Sources */,
				791995872095255700C127C1 /* AppDelegate.swift in Sources */,
				79D84E8C209526C9002591A1 /* DetailVC.swift in Sources */,
			);
			runOnlyForDeploymentPostprocessing = 0;
		};
/* End PBXSourcesBuildPhase section */

/* Begin PBXTargetDependency section */
		796F334D20976B3F00829F24 /* PBXTargetDependency */ = {
			isa = PBXTargetDependency;
			name = Charts;
			targetProxy = 796F334C20976B3F00829F24 /* PBXContainerItemProxy */;
		};
/* End PBXTargetDependency section */

/* Begin PBXVariantGroup section */
		7919958A2095255700C127C1 /* Main.storyboard */ = {
			isa = PBXVariantGroup;
			children = (
				7919958B2095255700C127C1 /* Base */,
			);
			name = Main.storyboard;
			sourceTree = "<group>";
		};
		7919958F2095255800C127C1 /* LaunchScreen.storyboard */ = {
			isa = PBXVariantGroup;
			children = (
				791995902095255800C127C1 /* Base */,
			);
			name = LaunchScreen.storyboard;
			sourceTree = "<group>";
		};
/* End PBXVariantGroup section */

/* Begin XCBuildConfiguration section */
		791995932095255800C127C1 /* Debug */ = {
			isa = XCBuildConfiguration;
			buildSettings = {
				ALWAYS_SEARCH_USER_PATHS = NO;
				CLANG_ANALYZER_NONNULL = YES;
				CLANG_ANALYZER_NUMBER_OBJECT_CONVERSION = YES_AGGRESSIVE;
				CLANG_CXX_LANGUAGE_STANDARD = "gnu++14";
				CLANG_CXX_LIBRARY = "libc++";
				CLANG_ENABLE_MODULES = YES;
				CLANG_ENABLE_OBJC_ARC = YES;
				CLANG_ENABLE_OBJC_WEAK = YES;
				CLANG_WARN_BLOCK_CAPTURE_AUTORELEASING = YES;
				CLANG_WARN_BOOL_CONVERSION = YES;
				CLANG_WARN_COMMA = YES;
				CLANG_WARN_CONSTANT_CONVERSION = YES;
				CLANG_WARN_DEPRECATED_OBJC_IMPLEMENTATIONS = YES;
				CLANG_WARN_DIRECT_OBJC_ISA_USAGE = YES_ERROR;
				CLANG_WARN_DOCUMENTATION_COMMENTS = YES;
				CLANG_WARN_EMPTY_BODY = YES;
				CLANG_WARN_ENUM_CONVERSION = YES;
				CLANG_WARN_INFINITE_RECURSION = YES;
				CLANG_WARN_INT_CONVERSION = YES;
				CLANG_WARN_NON_LITERAL_NULL_CONVERSION = YES;
				CLANG_WARN_OBJC_IMPLICIT_RETAIN_SELF = YES;
				CLANG_WARN_OBJC_LITERAL_CONVERSION = YES;
				CLANG_WARN_OBJC_ROOT_CLASS = YES_ERROR;
				CLANG_WARN_RANGE_LOOP_ANALYSIS = YES;
				CLANG_WARN_STRICT_PROTOTYPES = YES;
				CLANG_WARN_SUSPICIOUS_MOVE = YES;
				CLANG_WARN_UNGUARDED_AVAILABILITY = YES_AGGRESSIVE;
				CLANG_WARN_UNREACHABLE_CODE = YES;
				CLANG_WARN__DUPLICATE_METHOD_MATCH = YES;
				CODE_SIGN_IDENTITY = "iPhone Developer";
				COPY_PHASE_STRIP = NO;
				DEBUG_INFORMATION_FORMAT = dwarf;
				ENABLE_STRICT_OBJC_MSGSEND = YES;
				ENABLE_TESTABILITY = YES;
				GCC_C_LANGUAGE_STANDARD = gnu11;
				GCC_DYNAMIC_NO_PIC = NO;
				GCC_NO_COMMON_BLOCKS = YES;
				GCC_OPTIMIZATION_LEVEL = 0;
				GCC_PREPROCESSOR_DEFINITIONS = (
					"DEBUG=1",
					"$(inherited)",
				);
				GCC_WARN_64_TO_32_BIT_CONVERSION = YES;
				GCC_WARN_ABOUT_RETURN_TYPE = YES_ERROR;
				GCC_WARN_UNDECLARED_SELECTOR = YES;
				GCC_WARN_UNINITIALIZED_AUTOS = YES_AGGRESSIVE;
				GCC_WARN_UNUSED_FUNCTION = YES;
				GCC_WARN_UNUSED_VARIABLE = YES;
				IPHONEOS_DEPLOYMENT_TARGET = 11.3;
				MTL_ENABLE_DEBUG_INFO = YES;
				ONLY_ACTIVE_ARCH = YES;
				SDKROOT = iphoneos;
				SWIFT_ACTIVE_COMPILATION_CONDITIONS = DEBUG;
				SWIFT_OPTIMIZATION_LEVEL = "-Onone";
			};
			name = Debug;
		};
		791995942095255800C127C1 /* Release */ = {
			isa = XCBuildConfiguration;
			buildSettings = {
				ALWAYS_SEARCH_USER_PATHS = NO;
				CLANG_ANALYZER_NONNULL = YES;
				CLANG_ANALYZER_NUMBER_OBJECT_CONVERSION = YES_AGGRESSIVE;
				CLANG_CXX_LANGUAGE_STANDARD = "gnu++14";
				CLANG_CXX_LIBRARY = "libc++";
				CLANG_ENABLE_MODULES = YES;
				CLANG_ENABLE_OBJC_ARC = YES;
				CLANG_ENABLE_OBJC_WEAK = YES;
				CLANG_WARN_BLOCK_CAPTURE_AUTORELEASING = YES;
				CLANG_WARN_BOOL_CONVERSION = YES;
				CLANG_WARN_COMMA = YES;
				CLANG_WARN_CONSTANT_CONVERSION = YES;
				CLANG_WARN_DEPRECATED_OBJC_IMPLEMENTATIONS = YES;
				CLANG_WARN_DIRECT_OBJC_ISA_USAGE = YES_ERROR;
				CLANG_WARN_DOCUMENTATION_COMMENTS = YES;
				CLANG_WARN_EMPTY_BODY = YES;
				CLANG_WARN_ENUM_CONVERSION = YES;
				CLANG_WARN_INFINITE_RECURSION = YES;
				CLANG_WARN_INT_CONVERSION = YES;
				CLANG_WARN_NON_LITERAL_NULL_CONVERSION = YES;
				CLANG_WARN_OBJC_IMPLICIT_RETAIN_SELF = YES;
				CLANG_WARN_OBJC_LITERAL_CONVERSION = YES;
				CLANG_WARN_OBJC_ROOT_CLASS = YES_ERROR;
				CLANG_WARN_RANGE_LOOP_ANALYSIS = YES;
				CLANG_WARN_STRICT_PROTOTYPES = YES;
				CLANG_WARN_SUSPICIOUS_MOVE = YES;
				CLANG_WARN_UNGUARDED_AVAILABILITY = YES_AGGRESSIVE;
				CLANG_WARN_UNREACHABLE_CODE = YES;
				CLANG_WARN__DUPLICATE_METHOD_MATCH = YES;
				CODE_SIGN_IDENTITY = "iPhone Developer";
				COPY_PHASE_STRIP = NO;
				DEBUG_INFORMATION_FORMAT = "dwarf-with-dsym";
				ENABLE_NS_ASSERTIONS = NO;
				ENABLE_STRICT_OBJC_MSGSEND = YES;
				GCC_C_LANGUAGE_STANDARD = gnu11;
				GCC_NO_COMMON_BLOCKS = YES;
				GCC_WARN_64_TO_32_BIT_CONVERSION = YES;
				GCC_WARN_ABOUT_RETURN_TYPE = YES_ERROR;
				GCC_WARN_UNDECLARED_SELECTOR = YES;
				GCC_WARN_UNINITIALIZED_AUTOS = YES_AGGRESSIVE;
				GCC_WARN_UNUSED_FUNCTION = YES;
				GCC_WARN_UNUSED_VARIABLE = YES;
				IPHONEOS_DEPLOYMENT_TARGET = 11.3;
				MTL_ENABLE_DEBUG_INFO = NO;
				SDKROOT = iphoneos;
				SWIFT_COMPILATION_MODE = wholemodule;
				SWIFT_OPTIMIZATION_LEVEL = "-O";
				VALIDATE_PRODUCT = YES;
			};
			name = Release;
		};
		791995962095255800C127C1 /* Debug */ = {
			isa = XCBuildConfiguration;
			buildSettings = {
				ALWAYS_EMBED_SWIFT_STANDARD_LIBRARIES = YES;
				ASSETCATALOG_COMPILER_APPICON_NAME = AppIcon;
				CODE_SIGN_STYLE = Automatic;
				DEVELOPMENT_TEAM = 8577ST5UL9;
				INFOPLIST_FILE = MealPlanTracker/Info.plist;
				LD_RUNPATH_SEARCH_PATHS = (
					"$(inherited)",
					"@executable_path/Frameworks",
				);
				PRODUCT_BUNDLE_IDENTIFIER = com.joo.MealPlanTracker;
				PRODUCT_NAME = "$(TARGET_NAME)";
				SWIFT_VERSION = 4.0;
				TARGETED_DEVICE_FAMILY = "1,2";
			};
			name = Debug;
		};
		791995972095255800C127C1 /* Release */ = {
			isa = XCBuildConfiguration;
			buildSettings = {
				ALWAYS_EMBED_SWIFT_STANDARD_LIBRARIES = YES;
				ASSETCATALOG_COMPILER_APPICON_NAME = AppIcon;
				CODE_SIGN_STYLE = Automatic;
				DEVELOPMENT_TEAM = 8577ST5UL9;
				INFOPLIST_FILE = MealPlanTracker/Info.plist;
				LD_RUNPATH_SEARCH_PATHS = (
					"$(inherited)",
					"@executable_path/Frameworks",
				);
				PRODUCT_BUNDLE_IDENTIFIER = com.joo.MealPlanTracker;
				PRODUCT_NAME = "$(TARGET_NAME)";
				SWIFT_VERSION = 4.0;
				TARGETED_DEVICE_FAMILY = "1,2";
			};
			name = Release;
		};
/* End XCBuildConfiguration section */

/* Begin XCConfigurationList section */
		7919957E2095255600C127C1 /* Build configuration list for PBXProject "MealPlanTracker" */ = {
			isa = XCConfigurationList;
			buildConfigurations = (
				791995932095255800C127C1 /* Debug */,
				791995942095255800C127C1 /* Release */,
			);
			defaultConfigurationIsVisible = 0;
			defaultConfigurationName = Release;
		};
		791995952095255800C127C1 /* Build configuration list for PBXNativeTarget "MealPlanTracker" */ = {
			isa = XCConfigurationList;
			buildConfigurations = (
				791995962095255800C127C1 /* Debug */,
				791995972095255800C127C1 /* Release */,
			);
			defaultConfigurationIsVisible = 0;
			defaultConfigurationName = Release;
		};
/* End XCConfigurationList section */
	};
	rootObject = 7919957B2095255600C127C1 /* Project object */;
}
